
Microsoft Visual Studio Solution File, Format Version 12.00
# Visual Studio 15
VisualStudioVersion = 15.0.27428.2037
MinimumVisualStudioVersion = 10.0.40219.1
Project("{9A19103F-16F7-4668-BE54-9A1E7A4F7556}") = "TraningApp.WebAPI", "TraningApp.WebAPI\TraningApp.WebAPI.csproj", "{76DCECA6-3F68-4D44-96BB-B7968397AADF}"
EndProject
Global
	GlobalSection(SolutionConfigurationPlatforms) = preSolution
		Debug|Any CPU = Debug|Any CPU
		Release|Any CPU = Release|Any CPU
	EndGlobalSection
	GlobalSection(ProjectConfigurationPlatforms) = postSolution
		{76DCECA6-3F68-4D44-96BB-B7968397AADF}.Debug|Any CPU.ActiveCfg = Debug|Any CPU
		{76DCECA6-3F68-4D44-96BB-B7968397AADF}.Debug|Any CPU.Build.0 = Debug|Any CPU
		{76DCECA6-3F68-4D44-96BB-B7968397AADF}.Release|Any CPU.ActiveCfg = Release|Any CPU
		{76DCECA6-3F68-4D44-96BB-B7968397AADF}.Release|Any CPU.Build.0 = Release|Any CPU
	EndGlobalSection
	GlobalSection(SolutionProperties) = preSolution
		HideSolutionNode = FALSE
	EndGlobalSection
	GlobalSection(ExtensibilityGlobals) = postSolution
		SolutionGuid = {1E313844-017F-4C85-8012-4D6AB0F6B360}
	EndGlobalSection
EndGlobal
